// !$*UTF8*$!
{
	archiveVersion = 1;
	classes = {
	};
	objectVersion = 56;
	objects = {

/* Begin PBXBuildFile section */
		563EAE642B3CA94A000E720F /* DestinationSearchView.swift in Sources */ = {isa = PBXBuildFile; fileRef = 563EAE632B3CA94A000E720F /* DestinationSearchView.swift */; };
		563EAE662B3CB0F4000E720F /* CollapsedPickerView.swift in Sources */ = {isa = PBXBuildFile; fileRef = 563EAE652B3CB0F4000E720F /* CollapsedPickerView.swift */; };
		563EAE682B3CB914000E720F /* CollapsibleDestinationViewModifier.swift in Sources */ = {isa = PBXBuildFile; fileRef = 563EAE672B3CB914000E720F /* CollapsibleDestinationViewModifier.swift */; };
		563EAE6A2B3CBB6F000E720F /* CustomStepperButton.swift in Sources */ = {isa = PBXBuildFile; fileRef = 563EAE692B3CBB6F000E720F /* CustomStepperButton.swift */; };
		563EAE6C2B3CBC8C000E720F /* ProfileView.swift in Sources */ = {isa = PBXBuildFile; fileRef = 563EAE6B2B3CBC8C000E720F /* ProfileView.swift */; };
		563EAE6E2B3CC21A000E720F /* ProfileOptionRowView.swift in Sources */ = {isa = PBXBuildFile; fileRef = 563EAE6D2B3CC21A000E720F /* ProfileOptionRowView.swift */; };
		563EAE702B3CC323000E720F /* WishlistsView.swift in Sources */ = {isa = PBXBuildFile; fileRef = 563EAE6F2B3CC323000E720F /* WishlistsView.swift */; };
		563EAE722B3CC47A000E720F /* MainTabView.swift in Sources */ = {isa = PBXBuildFile; fileRef = 563EAE712B3CC47A000E720F /* MainTabView.swift */; };
		566712752B2CF99A005C9270 /* AirbnbTutorialApp.swift in Sources */ = {isa = PBXBuildFile; fileRef = 566712742B2CF99A005C9270 /* AirbnbTutorialApp.swift */; };
		566712772B2CF99A005C9270 /* ContentView.swift in Sources */ = {isa = PBXBuildFile; fileRef = 566712762B2CF99A005C9270 /* ContentView.swift */; };
		566712792B2CF99B005C9270 /* Assets.xcassets in Resources */ = {isa = PBXBuildFile; fileRef = 566712782B2CF99B005C9270 /* Assets.xcassets */; };
		5667127C2B2CF99B005C9270 /* Preview Assets.xcassets in Resources */ = {isa = PBXBuildFile; fileRef = 5667127B2B2CF99B005C9270 /* Preview Assets.xcassets */; };
		567730C22B30C48F00209848 /* ExploreView.swift in Sources */ = {isa = PBXBuildFile; fileRef = 567730C12B30C48E00209848 /* ExploreView.swift */; };
		567730C62B30C65B00209848 /* ListingItemView.swift in Sources */ = {isa = PBXBuildFile; fileRef = 567730C52B30C65B00209848 /* ListingItemView.swift */; };
		567730C82B30CC7100209848 /* SearchAndFilterBar.swift in Sources */ = {isa = PBXBuildFile; fileRef = 567730C72B30CC7100209848 /* SearchAndFilterBar.swift */; };
		5689286D2B3B5C5D002A7103 /* ListingDetailView.swift in Sources */ = {isa = PBXBuildFile; fileRef = 5689286C2B3B5C5D002A7103 /* ListingDetailView.swift */; };
		568928702B3B5C9C002A7103 /* ListingImageCarouselView.swift in Sources */ = {isa = PBXBuildFile; fileRef = 5689286F2B3B5C9C002A7103 /* ListingImageCarouselView.swift */; };
		56D2E2492B3F342E00B24B2E /* Listing.swift in Sources */ = {isa = PBXBuildFile; fileRef = 56D2E2482B3F342E00B24B2E /* Listing.swift */; };
		56D2E24B2B3F3E6000B24B2E /* DeveloperPreview.swift in Sources */ = {isa = PBXBuildFile; fileRef = 56D2E24A2B3F3E6000B24B2E /* DeveloperPreview.swift */; };
		56D2E2502B3F418300B24B2E /* ExploreViewModel.swift in Sources */ = {isa = PBXBuildFile; fileRef = 56D2E24F2B3F418300B24B2E /* ExploreViewModel.swift */; };
		56D2E2522B3F41D300B24B2E /* ExploreService.swift in Sources */ = {isa = PBXBuildFile; fileRef = 56D2E2512B3F41D300B24B2E /* ExploreService.swift */; };
		56D2E2542B3F4E9B00B24B2E /* Regions.swift in Sources */ = {isa = PBXBuildFile; fileRef = 56D2E2532B3F4E9B00B24B2E /* Regions.swift */; };
/* End PBXBuildFile section */

/* Begin PBXFileReference section */
		563EAE632B3CA94A000E720F /* DestinationSearchView.swift */ = {isa = PBXFileReference; lastKnownFileType = sourcecode.swift; path = DestinationSearchView.swift; sourceTree = "<group>"; };
		563EAE652B3CB0F4000E720F /* CollapsedPickerView.swift */ = {isa = PBXFileReference; lastKnownFileType = sourcecode.swift; path = CollapsedPickerView.swift; sourceTree = "<group>"; };
		563EAE672B3CB914000E720F /* CollapsibleDestinationViewModifier.swift */ = {isa = PBXFileReference; lastKnownFileType = sourcecode.swift; path = CollapsibleDestinationViewModifier.swift; sourceTree = "<group>"; };
		563EAE692B3CBB6F000E720F /* CustomStepperButton.swift */ = {isa = PBXFileReference; lastKnownFileType = sourcecode.swift; path = CustomStepperButton.swift; sourceTree = "<group>"; };
		563EAE6B2B3CBC8C000E720F /* ProfileView.swift */ = {isa = PBXFileReference; lastKnownFileType = sourcecode.swift; path = ProfileView.swift; sourceTree = "<group>"; };
		563EAE6D2B3CC21A000E720F /* ProfileOptionRowView.swift */ = {isa = PBXFileReference; lastKnownFileType = sourcecode.swift; path = ProfileOptionRowView.swift; sourceTree = "<group>"; };
		563EAE6F2B3CC323000E720F /* WishlistsView.swift */ = {isa = PBXFileReference; lastKnownFileType = sourcecode.swift; path = WishlistsView.swift; sourceTree = "<group>"; };
		563EAE712B3CC47A000E720F /* MainTabView.swift */ = {isa = PBXFileReference; lastKnownFileType = sourcecode.swift; path = MainTabView.swift; sourceTree = "<group>"; };
		566712712B2CF99A005C9270 /* AirbnbTutorial.app */ = {isa = PBXFileReference; explicitFileType = wrapper.application; includeInIndex = 0; path = AirbnbTutorial.app; sourceTree = BUILT_PRODUCTS_DIR; };
		566712742B2CF99A005C9270 /* AirbnbTutorialApp.swift */ = {isa = PBXFileReference; lastKnownFileType = sourcecode.swift; path = AirbnbTutorialApp.swift; sourceTree = "<group>"; };
		566712762B2CF99A005C9270 /* ContentView.swift */ = {isa = PBXFileReference; lastKnownFileType = sourcecode.swift; path = ContentView.swift; sourceTree = "<group>"; };
		566712782B2CF99B005C9270 /* Assets.xcassets */ = {isa = PBXFileReference; lastKnownFileType = folder.assetcatalog; path = Assets.xcassets; sourceTree = "<group>"; };
		5667127B2B2CF99B005C9270 /* Preview Assets.xcassets */ = {isa = PBXFileReference; lastKnownFileType = folder.assetcatalog; path = "Preview Assets.xcassets"; sourceTree = "<group>"; };
		567730C12B30C48E00209848 /* ExploreView.swift */ = {isa = PBXFileReference; lastKnownFileType = sourcecode.swift; path = ExploreView.swift; sourceTree = "<group>"; };
		567730C52B30C65B00209848 /* ListingItemView.swift */ = {isa = PBXFileReference; lastKnownFileType = sourcecode.swift; path = ListingItemView.swift; sourceTree = "<group>"; };
		567730C72B30CC7100209848 /* SearchAndFilterBar.swift */ = {isa = PBXFileReference; lastKnownFileType = sourcecode.swift; path = SearchAndFilterBar.swift; sourceTree = "<group>"; };
		5689286C2B3B5C5D002A7103 /* ListingDetailView.swift */ = {isa = PBXFileReference; lastKnownFileType = sourcecode.swift; path = ListingDetailView.swift; sourceTree = "<group>"; };
		5689286F2B3B5C9C002A7103 /* ListingImageCarouselView.swift */ = {isa = PBXFileReference; lastKnownFileType = sourcecode.swift; path = ListingImageCarouselView.swift; sourceTree = "<group>"; };
		56D2E2482B3F342E00B24B2E /* Listing.swift */ = {isa = PBXFileReference; lastKnownFileType = sourcecode.swift; path = Listing.swift; sourceTree = "<group>"; };
		56D2E24A2B3F3E6000B24B2E /* DeveloperPreview.swift */ = {isa = PBXFileReference; lastKnownFileType = sourcecode.swift; path = DeveloperPreview.swift; sourceTree = "<group>"; };
		56D2E24F2B3F418300B24B2E /* ExploreViewModel.swift */ = {isa = PBXFileReference; lastKnownFileType = sourcecode.swift; path = ExploreViewModel.swift; sourceTree = "<group>"; };
		56D2E2512B3F41D300B24B2E /* ExploreService.swift */ = {isa = PBXFileReference; lastKnownFileType = sourcecode.swift; path = ExploreService.swift; sourceTree = "<group>"; };
		56D2E2532B3F4E9B00B24B2E /* Regions.swift */ = {isa = PBXFileReference; lastKnownFileType = sourcecode.swift; path = Regions.swift; sourceTree = "<group>"; };
/* End PBXFileReference section */

/* Begin PBXFrameworksBuildPhase section */
		5667126E2B2CF99A005C9270 /* Frameworks */ = {
			isa = PBXFrameworksBuildPhase;
			buildActionMask = 2147483647;
			files = (
			);
			runOnlyForDeploymentPostprocessing = 0;
		};
/* End PBXFrameworksBuildPhase section */

/* Begin PBXGroup section */
		566712682B2CF99A005C9270 = {
			isa = PBXGroup;
			children = (
				566712732B2CF99A005C9270 /* AirbnbTutorial */,
				566712722B2CF99A005C9270 /* Products */,
			);
			sourceTree = "<group>";
		};
		566712722B2CF99A005C9270 /* Products */ = {
			isa = PBXGroup;
			children = (
				566712712B2CF99A005C9270 /* AirbnbTutorial.app */,
			);
			name = Products;
			sourceTree = "<group>";
		};
		566712732B2CF99A005C9270 /* AirbnbTutorial */ = {
			isa = PBXGroup;
			children = (
				566712822B2CF9A2005C9270 /* App */,
				566712832B2CF9A9005C9270 /* Core */,
				566712842B2CF9BA005C9270 /* Extensions */,
				566712852B2CF9BF005C9270 /* Models */,
				566712862B2CF9C4005C9270 /* Utils */,
				566712762B2CF99A005C9270 /* ContentView.swift */,
				566712782B2CF99B005C9270 /* Assets.xcassets */,
				5667127A2B2CF99B005C9270 /* Preview Content */,
			);
			path = AirbnbTutorial;
			sourceTree = "<group>";
		};
		5667127A2B2CF99B005C9270 /* Preview Content */ = {
			isa = PBXGroup;
			children = (
				5667127B2B2CF99B005C9270 /* Preview Assets.xcassets */,
			);
			path = "Preview Content";
			sourceTree = "<group>";
		};
		566712822B2CF9A2005C9270 /* App */ = {
			isa = PBXGroup;
			children = (
				566712742B2CF99A005C9270 /* AirbnbTutorialApp.swift */,
			);
			path = App;
			sourceTree = "<group>";
		};
		566712832B2CF9A9005C9270 /* Core */ = {
			isa = PBXGroup;
			children = (
				5689286E2B3B5C8A002A7103 /* Components */,
				566712872B2CF9EE005C9270 /* Explore */,
				566712882B2CF9F5005C9270 /* Listings */,
				566712892B2CFA21005C9270 /* MapView */,
				5667128A2B2CFA26005C9270 /* Profile */,
				567730BE2B30C42700209848 /* Root */,
				567730BF2B30C42C00209848 /* TabBar */,
				567730C02B30C43200209848 /* Wishlists */,
			);
			path = Core;
			sourceTree = "<group>";
		};
		566712842B2CF9BA005C9270 /* Extensions */ = {
			isa = PBXGroup;
			children = (
				56D2E24A2B3F3E6000B24B2E /* DeveloperPreview.swift */,
				56D2E2532B3F4E9B00B24B2E /* Regions.swift */,
			);
			path = Extensions;
			sourceTree = "<group>";
		};
		566712852B2CF9BF005C9270 /* Models */ = {
			isa = PBXGroup;
			children = (
			);
			path = Models;
			sourceTree = "<group>";
		};
		566712862B2CF9C4005C9270 /* Utils */ = {
			isa = PBXGroup;
			children = (
			);
			path = Utils;
			sourceTree = "<group>";
		};
		566712872B2CF9EE005C9270 /* Explore */ = {
			isa = PBXGroup;
			children = (
				56D2E24E2B3F416400B24B2E /* Service */,
				56D2E24D2B3F416100B24B2E /* Views */,
				56D2E24C2B3F415A00B24B2E /* ViewModels */,
			);
			path = Explore;
			sourceTree = "<group>";
		};
		566712882B2CF9F5005C9270 /* Listings */ = {
			isa = PBXGroup;
			children = (
				56D2E2462B3F340700B24B2E /* Model */,
				56D2E2472B3F341100B24B2E /* Views */,
			);
			path = Listings;
			sourceTree = "<group>";
		};
		566712892B2CFA21005C9270 /* MapView */ = {
			isa = PBXGroup;
			children = (
			);
			path = MapView;
			sourceTree = "<group>";
		};
		5667128A2B2CFA26005C9270 /* Profile */ = {
			isa = PBXGroup;
			children = (
				563EAE6B2B3CBC8C000E720F /* ProfileView.swift */,
				563EAE6D2B3CC21A000E720F /* ProfileOptionRowView.swift */,
			);
			path = Profile;
			sourceTree = "<group>";
		};
		567730BE2B30C42700209848 /* Root */ = {
			isa = PBXGroup;
			children = (
			);
			path = Root;
			sourceTree = "<group>";
		};
		567730BF2B30C42C00209848 /* TabBar */ = {
			isa = PBXGroup;
			children = (
				563EAE712B3CC47A000E720F /* MainTabView.swift */,
			);
			path = TabBar;
			sourceTree = "<group>";
		};
		567730C02B30C43200209848 /* Wishlists */ = {
			isa = PBXGroup;
			children = (
				563EAE6F2B3CC323000E720F /* WishlistsView.swift */,
			);
			path = Wishlists;
			sourceTree = "<group>";
		};
		5689286E2B3B5C8A002A7103 /* Components */ = {
			isa = PBXGroup;
			children = (
				5689286F2B3B5C9C002A7103 /* ListingImageCarouselView.swift */,
				563EAE652B3CB0F4000E720F /* CollapsedPickerView.swift */,
				563EAE672B3CB914000E720F /* CollapsibleDestinationViewModifier.swift */,
				563EAE692B3CBB6F000E720F /* CustomStepperButton.swift */,
			);
			path = Components;
			sourceTree = "<group>";
		};
		56D2E2462B3F340700B24B2E /* Model */ = {
			isa = PBXGroup;
			children = (
				56D2E2482B3F342E00B24B2E /* Listing.swift */,
			);
			path = Model;
			sourceTree = "<group>";
		};
		56D2E2472B3F341100B24B2E /* Views */ = {
			isa = PBXGroup;
			children = (
				567730C52B30C65B00209848 /* ListingItemView.swift */,
				5689286C2B3B5C5D002A7103 /* ListingDetailView.swift */,
			);
			path = Views;
			sourceTree = "<group>";
		};
		56D2E24C2B3F415A00B24B2E /* ViewModels */ = {
			isa = PBXGroup;
			children = (
				56D2E24F2B3F418300B24B2E /* ExploreViewModel.swift */,
			);
			path = ViewModels;
			sourceTree = "<group>";
		};
		56D2E24D2B3F416100B24B2E /* Views */ = {
			isa = PBXGroup;
			children = (
				567730C12B30C48E00209848 /* ExploreView.swift */,
				567730C72B30CC7100209848 /* SearchAndFilterBar.swift */,
				563EAE632B3CA94A000E720F /* DestinationSearchView.swift */,
			);
			path = Views;
			sourceTree = "<group>";
		};
		56D2E24E2B3F416400B24B2E /* Service */ = {
			isa = PBXGroup;
			children = (
				56D2E2512B3F41D300B24B2E /* ExploreService.swift */,
			);
			path = Service;
			sourceTree = "<group>";
		};
/* End PBXGroup section */

/* Begin PBXNativeTarget section */
		566712702B2CF99A005C9270 /* AirbnbTutorial */ = {
			isa = PBXNativeTarget;
			buildConfigurationList = 5667127F2B2CF99B005C9270 /* Build configuration list for PBXNativeTarget "AirbnbTutorial" */;
			buildPhases = (
				5667126D2B2CF99A005C9270 /* Sources */,
				5667126E2B2CF99A005C9270 /* Frameworks */,
				5667126F2B2CF99A005C9270 /* Resources */,
			);
			buildRules = (
			);
			dependencies = (
			);
			name = AirbnbTutorial;
			productName = AirbnbTutorial;
			productReference = 566712712B2CF99A005C9270 /* AirbnbTutorial.app */;
			productType = "com.apple.product-type.application";
		};
/* End PBXNativeTarget section */

/* Begin PBXProject section */
		566712692B2CF99A005C9270 /* Project object */ = {
			isa = PBXProject;
			attributes = {
				BuildIndependentTargetsInParallel = 1;
				LastSwiftUpdateCheck = 1500;
				LastUpgradeCheck = 1500;
				TargetAttributes = {
					566712702B2CF99A005C9270 = {
						CreatedOnToolsVersion = 15.0.1;
					};
				};
			};
			buildConfigurationList = 5667126C2B2CF99A005C9270 /* Build configuration list for PBXProject "AirbnbTutorial" */;
			compatibilityVersion = "Xcode 14.0";
			developmentRegion = en;
			hasScannedForEncodings = 0;
			knownRegions = (
				en,
				Base,
			);
			mainGroup = 566712682B2CF99A005C9270;
			productRefGroup = 566712722B2CF99A005C9270 /* Products */;
			projectDirPath = "";
			projectRoot = "";
			targets = (
				566712702B2CF99A005C9270 /* AirbnbTutorial */,
			);
		};
/* End PBXProject section */

/* Begin PBXResourcesBuildPhase section */
		5667126F2B2CF99A005C9270 /* Resources */ = {
			isa = PBXResourcesBuildPhase;
			buildActionMask = 2147483647;
			files = (
				5667127C2B2CF99B005C9270 /* Preview Assets.xcassets in Resources */,
				566712792B2CF99B005C9270 /* Assets.xcassets in Resources */,
			);
			runOnlyForDeploymentPostprocessing = 0;
		};
/* End PBXResourcesBuildPhase section */

/* Begin PBXSourcesBuildPhase section */
		5667126D2B2CF99A005C9270 /* Sources */ = {
			isa = PBXSourcesBuildPhase;
			buildActionMask = 2147483647;
			files = (
				568928702B3B5C9C002A7103 /* ListingImageCarouselView.swift in Sources */,
				563EAE642B3CA94A000E720F /* DestinationSearchView.swift in Sources */,
				56D2E2492B3F342E00B24B2E /* Listing.swift in Sources */,
				563EAE662B3CB0F4000E720F /* CollapsedPickerView.swift in Sources */,
				56D2E2522B3F41D300B24B2E /* ExploreService.swift in Sources */,
				563EAE682B3CB914000E720F /* CollapsibleDestinationViewModifier.swift in Sources */,
				563EAE6C2B3CBC8C000E720F /* ProfileView.swift in Sources */,
				56D2E2542B3F4E9B00B24B2E /* Regions.swift in Sources */,
				56D2E2502B3F418300B24B2E /* ExploreViewModel.swift in Sources */,
				56D2E24B2B3F3E6000B24B2E /* DeveloperPreview.swift in Sources */,
				563EAE702B3CC323000E720F /* WishlistsView.swift in Sources */,
				567730C82B30CC7100209848 /* SearchAndFilterBar.swift in Sources */,
				567730C62B30C65B00209848 /* ListingItemView.swift in Sources */,
				566712772B2CF99A005C9270 /* ContentView.swift in Sources */,
				563EAE6E2B3CC21A000E720F /* ProfileOptionRowView.swift in Sources */,
				563EAE6A2B3CBB6F000E720F /* CustomStepperButton.swift in Sources */,
				567730C22B30C48F00209848 /* ExploreView.swift in Sources */,
				5689286D2B3B5C5D002A7103 /* ListingDetailView.swift in Sources */,
				566712752B2CF99A005C9270 /* AirbnbTutorialApp.swift in Sources */,
				563EAE722B3CC47A000E720F /* MainTabView.swift in Sources */,
			);
			runOnlyForDeploymentPostprocessing = 0;
		};
/* End PBXSourcesBuildPhase section */

/* Begin XCBuildConfiguration section */
		5667127D2B2CF99B005C9270 /* Debug */ = {
			isa = XCBuildConfiguration;
			buildSettings = {
				ALWAYS_SEARCH_USER_PATHS = NO;
				ASSETCATALOG_COMPILER_GENERATE_SWIFT_ASSET_SYMBOL_EXTENSIONS = YES;
				CLANG_ANALYZER_NONNULL = YES;
				CLANG_ANALYZER_NUMBER_OBJECT_CONVERSION = YES_AGGRESSIVE;
				CLANG_CXX_LANGUAGE_STANDARD = "gnu++20";
				CLANG_ENABLE_MODULES = YES;
				CLANG_ENABLE_OBJC_ARC = YES;
				CLANG_ENABLE_OBJC_WEAK = YES;
				CLANG_WARN_BLOCK_CAPTURE_AUTORELEASING = YES;
				CLANG_WARN_BOOL_CONVERSION = YES;
				CLANG_WARN_COMMA = YES;
				CLANG_WARN_CONSTANT_CONVERSION = YES;
				CLANG_WARN_DEPRECATED_OBJC_IMPLEMENTATIONS = YES;
				CLANG_WARN_DIRECT_OBJC_ISA_USAGE = YES_ERROR;
				CLANG_WARN_DOCUMENTATION_COMMENTS = YES;
				CLANG_WARN_EMPTY_BODY = YES;
				CLANG_WARN_ENUM_CONVERSION = YES;
				CLANG_WARN_INFINITE_RECURSION = YES;
				CLANG_WARN_INT_CONVERSION = YES;
				CLANG_WARN_NON_LITERAL_NULL_CONVERSION = YES;
				CLANG_WARN_OBJC_IMPLICIT_RETAIN_SELF = YES;
				CLANG_WARN_OBJC_LITERAL_CONVERSION = YES;
				CLANG_WARN_OBJC_ROOT_CLASS = YES_ERROR;
				CLANG_WARN_QUOTED_INCLUDE_IN_FRAMEWORK_HEADER = YES;
				CLANG_WARN_RANGE_LOOP_ANALYSIS = YES;
				CLANG_WARN_STRICT_PROTOTYPES = YES;
				CLANG_WARN_SUSPICIOUS_MOVE = YES;
				CLANG_WARN_UNGUARDED_AVAILABILITY = YES_AGGRESSIVE;
				CLANG_WARN_UNREACHABLE_CODE = YES;
				CLANG_WARN__DUPLICATE_METHOD_MATCH = YES;
				COPY_PHASE_STRIP = NO;
				DEBUG_INFORMATION_FORMAT = dwarf;
				ENABLE_STRICT_OBJC_MSGSEND = YES;
				ENABLE_TESTABILITY = YES;
				ENABLE_USER_SCRIPT_SANDBOXING = YES;
				GCC_C_LANGUAGE_STANDARD = gnu17;
				GCC_DYNAMIC_NO_PIC = NO;
				GCC_NO_COMMON_BLOCKS = YES;
				GCC_OPTIMIZATION_LEVEL = 0;
				GCC_PREPROCESSOR_DEFINITIONS = (
					"DEBUG=1",
					"$(inherited)",
				);
				GCC_WARN_64_TO_32_BIT_CONVERSION = YES;
				GCC_WARN_ABOUT_RETURN_TYPE = YES_ERROR;
				GCC_WARN_UNDECLARED_SELECTOR = YES;
				GCC_WARN_UNINITIALIZED_AUTOS = YES_AGGRESSIVE;
				GCC_WARN_UNUSED_FUNCTION = YES;
				GCC_WARN_UNUSED_VARIABLE = YES;
				IPHONEOS_DEPLOYMENT_TARGET = 17.0;
				LOCALIZATION_PREFERS_STRING_CATALOGS = YES;
				MTL_ENABLE_DEBUG_INFO = INCLUDE_SOURCE;
				MTL_FAST_MATH = YES;
				ONLY_ACTIVE_ARCH = YES;
				SDKROOT = iphoneos;
				SWIFT_ACTIVE_COMPILATION_CONDITIONS = "DEBUG $(inherited)";
				SWIFT_OPTIMIZATION_LEVEL = "-Onone";
			};
			name = Debug;
		};
		5667127E2B2CF99B005C9270 /* Release */ = {
			isa = XCBuildConfiguration;
			buildSettings = {
				ALWAYS_SEARCH_USER_PATHS = NO;
				ASSETCATALOG_COMPILER_GENERATE_SWIFT_ASSET_SYMBOL_EXTENSIONS = YES;
				CLANG_ANALYZER_NONNULL = YES;
				CLANG_ANALYZER_NUMBER_OBJECT_CONVERSION = YES_AGGRESSIVE;
				CLANG_CXX_LANGUAGE_STANDARD = "gnu++20";
				CLANG_ENABLE_MODULES = YES;
				CLANG_ENABLE_OBJC_ARC = YES;
				CLANG_ENABLE_OBJC_WEAK = YES;
				CLANG_WARN_BLOCK_CAPTURE_AUTORELEASING = YES;
				CLANG_WARN_BOOL_CONVERSION = YES;
				CLANG_WARN_COMMA = YES;
				CLANG_WARN_CONSTANT_CONVERSION = YES;
				CLANG_WARN_DEPRECATED_OBJC_IMPLEMENTATIONS = YES;
				CLANG_WARN_DIRECT_OBJC_ISA_USAGE = YES_ERROR;
				CLANG_WARN_DOCUMENTATION_COMMENTS = YES;
				CLANG_WARN_EMPTY_BODY = YES;
				CLANG_WARN_ENUM_CONVERSION = YES;
				CLANG_WARN_INFINITE_RECURSION = YES;
				CLANG_WARN_INT_CONVERSION = YES;
				CLANG_WARN_NON_LITERAL_NULL_CONVERSION = YES;
				CLANG_WARN_OBJC_IMPLICIT_RETAIN_SELF = YES;
				CLANG_WARN_OBJC_LITERAL_CONVERSION = YES;
				CLANG_WARN_OBJC_ROOT_CLASS = YES_ERROR;
				CLANG_WARN_QUOTED_INCLUDE_IN_FRAMEWORK_HEADER = YES;
				CLANG_WARN_RANGE_LOOP_ANALYSIS = YES;
				CLANG_WARN_STRICT_PROTOTYPES = YES;
				CLANG_WARN_SUSPICIOUS_MOVE = YES;
				CLANG_WARN_UNGUARDED_AVAILABILITY = YES_AGGRESSIVE;
				CLANG_WARN_UNREACHABLE_CODE = YES;
				CLANG_WARN__DUPLICATE_METHOD_MATCH = YES;
				COPY_PHASE_STRIP = NO;
				DEBUG_INFORMATION_FORMAT = "dwarf-with-dsym";
				ENABLE_NS_ASSERTIONS = NO;
				ENABLE_STRICT_OBJC_MSGSEND = YES;
				ENABLE_USER_SCRIPT_SANDBOXING = YES;
				GCC_C_LANGUAGE_STANDARD = gnu17;
				GCC_NO_COMMON_BLOCKS = YES;
				GCC_WARN_64_TO_32_BIT_CONVERSION = YES;
				GCC_WARN_ABOUT_RETURN_TYPE = YES_ERROR;
				GCC_WARN_UNDECLARED_SELECTOR = YES;
				GCC_WARN_UNINITIALIZED_AUTOS = YES_AGGRESSIVE;
				GCC_WARN_UNUSED_FUNCTION = YES;
				GCC_WARN_UNUSED_VARIABLE = YES;
				IPHONEOS_DEPLOYMENT_TARGET = 17.0;
				LOCALIZATION_PREFERS_STRING_CATALOGS = YES;
				MTL_ENABLE_DEBUG_INFO = NO;
				MTL_FAST_MATH = YES;
				SDKROOT = iphoneos;
				SWIFT_COMPILATION_MODE = wholemodule;
				VALIDATE_PRODUCT = YES;
			};
			name = Release;
		};
		566712802B2CF99B005C9270 /* Debug */ = {
			isa = XCBuildConfiguration;
			buildSettings = {
				ASSETCATALOG_COMPILER_APPICON_NAME = AppIcon;
				ASSETCATALOG_COMPILER_GLOBAL_ACCENT_COLOR_NAME = AccentColor;
				CODE_SIGN_STYLE = Automatic;
				CURRENT_PROJECT_VERSION = 1;
				DEVELOPMENT_ASSET_PATHS = "\"AirbnbTutorial/Preview Content\"";
				DEVELOPMENT_TEAM = 688ZGR6BUC;
				ENABLE_PREVIEWS = YES;
				GENERATE_INFOPLIST_FILE = YES;
				INFOPLIST_KEY_UIApplicationSceneManifest_Generation = YES;
				INFOPLIST_KEY_UIApplicationSupportsIndirectInputEvents = YES;
				INFOPLIST_KEY_UILaunchScreen_Generation = YES;
				INFOPLIST_KEY_UISupportedInterfaceOrientations_iPad = "UIInterfaceOrientationPortrait UIInterfaceOrientationPortraitUpsideDown UIInterfaceOrientationLandscapeLeft UIInterfaceOrientationLandscapeRight";
				INFOPLIST_KEY_UISupportedInterfaceOrientations_iPhone = "UIInterfaceOrientationPortrait UIInterfaceOrientationLandscapeLeft UIInterfaceOrientationLandscapeRight";
				IPHONEOS_DEPLOYMENT_TARGET = 17.0;
				LD_RUNPATH_SEARCH_PATHS = (
					"$(inherited)",
					"@executable_path/Frameworks",
				);
				MARKETING_VERSION = 1.0;
				PRODUCT_BUNDLE_IDENTIFIER = com.pulkit1211.testing.AirbnbTutorial;
				PRODUCT_NAME = "$(TARGET_NAME)";
				SUPPORTED_PLATFORMS = "iphoneos iphonesimulator";
				SUPPORTS_MACCATALYST = NO;
				SUPPORTS_MAC_DESIGNED_FOR_IPHONE_IPAD = NO;
				SWIFT_EMIT_LOC_STRINGS = YES;
				SWIFT_VERSION = 5.0;
				TARGETED_DEVICE_FAMILY = "1,2";
			};
			name = Debug;
		};
		566712812B2CF99B005C9270 /* Release */ = {
			isa = XCBuildConfiguration;
			buildSettings = {
				ASSETCATALOG_COMPILER_APPICON_NAME = AppIcon;
				ASSETCATALOG_COMPILER_GLOBAL_ACCENT_COLOR_NAME = AccentColor;
				CODE_SIGN_STYLE = Automatic;
				CURRENT_PROJECT_VERSION = 1;
				DEVELOPMENT_ASSET_PATHS = "\"AirbnbTutorial/Preview Content\"";
				DEVELOPMENT_TEAM = 688ZGR6BUC;
				ENABLE_PREVIEWS = YES;
				GENERATE_INFOPLIST_FILE = YES;
				INFOPLIST_KEY_UIApplicationSceneManifest_Generation = YES;
				INFOPLIST_KEY_UIApplicationSupportsIndirectInputEvents = YES;
				INFOPLIST_KEY_UILaunchScreen_Generation = YES;
				INFOPLIST_KEY_UISupportedInterfaceOrientations_iPad = "UIInterfaceOrientationPortrait UIInterfaceOrientationPortraitUpsideDown UIInterfaceOrientationLandscapeLeft UIInterfaceOrientationLandscapeRight";
				INFOPLIST_KEY_UISupportedInterfaceOrientations_iPhone = "UIInterfaceOrientationPortrait UIInterfaceOrientationLandscapeLeft UIInterfaceOrientationLandscapeRight";
				IPHONEOS_DEPLOYMENT_TARGET = 17.0;
				LD_RUNPATH_SEARCH_PATHS = (
					"$(inherited)",
					"@executable_path/Frameworks",
				);
				MARKETING_VERSION = 1.0;
				PRODUCT_BUNDLE_IDENTIFIER = com.pulkit1211.testing.AirbnbTutorial;
				PRODUCT_NAME = "$(TARGET_NAME)";
				SUPPORTED_PLATFORMS = "iphoneos iphonesimulator";
				SUPPORTS_MACCATALYST = NO;
				SUPPORTS_MAC_DESIGNED_FOR_IPHONE_IPAD = NO;
				SWIFT_EMIT_LOC_STRINGS = YES;
				SWIFT_VERSION = 5.0;
				TARGETED_DEVICE_FAMILY = "1,2";
			};
			name = Release;
		};
/* End XCBuildConfiguration section */

/* Begin XCConfigurationList section */
		5667126C2B2CF99A005C9270 /* Build configuration list for PBXProject "AirbnbTutorial" */ = {
			isa = XCConfigurationList;
			buildConfigurations = (
				5667127D2B2CF99B005C9270 /* Debug */,
				5667127E2B2CF99B005C9270 /* Release */,
			);
			defaultConfigurationIsVisible = 0;
			defaultConfigurationName = Release;
		};
		5667127F2B2CF99B005C9270 /* Build configuration list for PBXNativeTarget "AirbnbTutorial" */ = {
			isa = XCConfigurationList;
			buildConfigurations = (
				566712802B2CF99B005C9270 /* Debug */,
				566712812B2CF99B005C9270 /* Release */,
			);
			defaultConfigurationIsVisible = 0;
			defaultConfigurationName = Release;
		};
/* End XCConfigurationList section */
	};
	rootObject = 566712692B2CF99A005C9270 /* Project object */;
}
